
Microsoft Visual Studio Solution File, Format Version 12.00
# Visual Studio 15
VisualStudioVersion = 15.0.26124.0
MinimumVisualStudioVersion = 15.0.26124.0
Project("{2150E333-8FDC-42A3-9474-1A3956D46DE8}") = "src", "src", "{F2B46AA2-112B-4BDC-92C7-44C97A87C47B}"
EndProject
Project("{FAE04EC0-301F-11D3-BF4B-00C04F79EFBC}") = "WebAdvert.Web", "src\WebAdvert.Web\WebAdvert.Web.csproj", "{5FAF9372-A248-449E-BB26-CC4DD67334D8}"
EndProject
Global
	GlobalSection(SolutionConfigurationPlatforms) = preSolution
		Debug|Any CPU = Debug|Any CPU
		Debug|x64 = Debug|x64
		Debug|x86 = Debug|x86
		Release|Any CPU = Release|Any CPU
		Release|x64 = Release|x64
		Release|x86 = Release|x86
	EndGlobalSection
	GlobalSection(SolutionProperties) = preSolution
		HideSolutionNode = FALSE
	EndGlobalSection
	GlobalSection(ProjectConfigurationPlatforms) = postSolution
		{5FAF9372-A248-449E-BB26-CC4DD67334D8}.Debug|Any CPU.ActiveCfg = Debug|Any CPU
		{5FAF9372-A248-449E-BB26-CC4DD67334D8}.Debug|Any CPU.Build.0 = Debug|Any CPU
		{5FAF9372-A248-449E-BB26-CC4DD67334D8}.Debug|x64.ActiveCfg = Debug|Any CPU
		{5FAF9372-A248-449E-BB26-CC4DD67334D8}.Debug|x64.Build.0 = Debug|Any CPU
		{5FAF9372-A248-449E-BB26-CC4DD67334D8}.Debug|x86.ActiveCfg = Debug|Any CPU
		{5FAF9372-A248-449E-BB26-CC4DD67334D8}.Debug|x86.Build.0 = Debug|Any CPU
		{5FAF9372-A248-449E-BB26-CC4DD67334D8}.Release|Any CPU.ActiveCfg = Release|Any CPU
		{5FAF9372-A248-449E-BB26-CC4DD67334D8}.Release|Any CPU.Build.0 = Release|Any CPU
		{5FAF9372-A248-449E-BB26-CC4DD67334D8}.Release|x64.ActiveCfg = Release|Any CPU
		{5FAF9372-A248-449E-BB26-CC4DD67334D8}.Release|x64.Build.0 = Release|Any CPU
		{5FAF9372-A248-449E-BB26-CC4DD67334D8}.Release|x86.ActiveCfg = Release|Any CPU
		{5FAF9372-A248-449E-BB26-CC4DD67334D8}.Release|x86.Build.0 = Release|Any CPU
	EndGlobalSection
	GlobalSection(NestedProjects) = preSolution
		{5FAF9372-A248-449E-BB26-CC4DD67334D8} = {F2B46AA2-112B-4BDC-92C7-44C97A87C47B}
	EndGlobalSection
EndGlobal
